github.com/creack/pty v1.1.9/go.mod h1:oKZEueFk5CKHvIhNR5MUki03XCEU+Q6VDXinZuGJ33E=
github.com/e154/vydumschik v0.0.0-20151129100425-d3e462240df8 h1:YgWRSRJTNpd7eEbVzidEwrhUFWOYKc3qPTmx3RZ+gq4=
github.com/e154/vydumschik v0.0.0-20151129100425-d3e462240df8/go.mod h1:73jZbdcx68PCqq7G/H8npkMEk5Ji8E+N0VFpMxqMw2c=
github.com/essentialkaos/translit v2.0.3+incompatible h1:ve7G/7KlwCo4XjWoAgcQC7neTtYcKOVrToYZSffkCAc=
github.com/essentialkaos/translit v2.0.3+incompatible/go.mod h1:ylbWodNFD51eQ8HNXrNwm+e5DD+rmHwQ5cC5QyPl1lA=
github.com/ghodss/yaml v1.0.0 h1:wQHKEahhL6wmXdzwWG11gIVCkOv05bNOh+Rxn0yngAk=
github.com/ghodss/yaml v1.0.0/go.mod h1:4dBDuWmgqj2HViK6kFavaiC9ZROes6MMH2rRYeMEF04=
github.com/kr/pretty v0.3.0 h1:WgNl7dwNpEZ6jJ9k1snq4pZsg7DOEN8hP9Xw0Tsjwk0=
github.com/kr/text v0.2.0 h1:5Nx0Ya0ZqY2ygV366QzturHI13Jq95ApcVaJBhpS+AY=
github.com/kr/text v0.2.0/go.mod h1:eLer722TekiGuMkidMxC/pM04lWEeraHUUmBw8l2grE=
github.com/niciki/go-NatsService/structures/structOrder v0.0.0-20220730134756-d5838828fc8f h1:ebpfTt2wzcPYMysQY7F0U30COQ9CQTeti+ZN0C3zMXU=
github.com/niciki/go-NatsService/structures/structOrder v0.0.0-20220730134756-d5838828fc8f/go.mod h1:Uzu029hV9TfI5ZxMqmZ+s81cL12VFkZ1STK1GX5q97Y=
github.com/rogpeppe/go-internal v1.10.0 h1:TMyTOH3F/DB16zRVcYyreMH6GnZZrwQVAoYjRBZyWFQ=
github.com/rogpeppe/go-internal v1.10.0/go.mod h1:UQnix2H7Ngw/k4C5ijL5+65zddjncjaFoBhdsK/akog=
gopkg.in/check.v1 v0.0.0-20161208181325-20d25e280405/go.mod h1:Co6ibVJAznAaIkqp8huTwlJQCZ016jof/cbN4VW5Yz0=
gopkg.in/check.v1 v1.0.0-20180628173108-788fd7840127 h1:qIbj1fsPNlZgppZ+VLlY7N33q108Sa+fhmuc+sWQYwY=
gopkg.in/yaml.v2 v2.4.0 h1:D8xgwECY7CYvx+Y2n4sBz93Jn9JRvxdiyyo8CTfuKaY=
gopkg.in/yaml.v2 v2.4.0/go.mod h1:RDklbk79AGWmwhnvt/jBztapEOGDOx6ZbXqjP6csGnQ=
pkg.re/essentialkaos/check.v1 v1.2.0 h1:FN1UEUTQL7nyUng3i7sPY3+73XZPKUgOj2ZoLyhF0/M=
